// !$*UTF8*$!
{
	archiveVersion = 1;
	classes = {
	};
	objectVersion = 56;
	objects = {

/* Begin PBXBuildFile section */
		7C18B7CD2B372BE800E59A36 /* ProfileViewController.swift in Sources */ = {isa = PBXBuildFile; fileRef = 7C18B7CC2B372BE800E59A36 /* ProfileViewController.swift */; };
		7C18B7CF2B37368800E59A36 /* Theme.swift in Sources */ = {isa = PBXBuildFile; fileRef = 7C18B7CE2B37368800E59A36 /* Theme.swift */; };
		7C18B7D12B3739FE00E59A36 /* ThemeView.swift in Sources */ = {isa = PBXBuildFile; fileRef = 7C18B7D02B3739FE00E59A36 /* ThemeView.swift */; };
		7C18B7D32B3796B500E59A36 /* FileCashe.swift in Sources */ = {isa = PBXBuildFile; fileRef = 7C18B7D22B3796B500E59A36 /* FileCashe.swift */; };
		7C18B7D52B37BAAF00E59A36 /* DateHelper.swift in Sources */ = {isa = PBXBuildFile; fileRef = 7C18B7D42B37BAAF00E59A36 /* DateHelper.swift */; };
		7C18B7D82B37BB6E00E59A36 /* DataModel.xcdatamodeld in Sources */ = {isa = PBXBuildFile; fileRef = 7C18B7D62B37BB6E00E59A36 /* DataModel.xcdatamodeld */; };
		7C18B7DA2B37CAFF00E59A36 /* ThemeSaver.swift in Sources */ = {isa = PBXBuildFile; fileRef = 7C18B7D92B37CAFF00E59A36 /* ThemeSaver.swift */; };
		7C18B7DC2B37CF0A00E59A36 /* UserModel.swift in Sources */ = {isa = PBXBuildFile; fileRef = 7C18B7DB2B37CF0A00E59A36 /* UserModel.swift */; };
		7C3504452A9222F500C50115 /* NetworkService.swift in Sources */ = {isa = PBXBuildFile; fileRef = 7C3504442A9222F500C50115 /* NetworkService.swift */; };
		7C3504472A92262400C50115 /* AppCode.swift in Sources */ = {isa = PBXBuildFile; fileRef = 7C3504462A92262400C50115 /* AppCode.swift */; };
		7C3504492A926CBA00C50115 /* FriendsModel.swift in Sources */ = {isa = PBXBuildFile; fileRef = 7C3504482A926CBA00C50115 /* FriendsModel.swift */; };
		7C35044B2A926E8B00C50115 /* GroupsModel.swift in Sources */ = {isa = PBXBuildFile; fileRef = 7C35044A2A926E8B00C50115 /* GroupsModel.swift */; };
		7C35044D2A92947000C50115 /* PhotosModel.swift in Sources */ = {isa = PBXBuildFile; fileRef = 7C35044C2A92947000C50115 /* PhotosModel.swift */; };
		7CA5550D2A83A6BD00139BF3 /* AppDelegate.swift in Sources */ = {isa = PBXBuildFile; fileRef = 7CA5550C2A83A6BD00139BF3 /* AppDelegate.swift */; };
		7CA5550F2A83A6BD00139BF3 /* SceneDelegate.swift in Sources */ = {isa = PBXBuildFile; fileRef = 7CA5550E2A83A6BD00139BF3 /* SceneDelegate.swift */; };
		7CA555112A83A6BD00139BF3 /* ViewController.swift in Sources */ = {isa = PBXBuildFile; fileRef = 7CA555102A83A6BD00139BF3 /* ViewController.swift */; };
		7CA555162A83A6BF00139BF3 /* Assets.xcassets in Resources */ = {isa = PBXBuildFile; fileRef = 7CA555152A83A6BF00139BF3 /* Assets.xcassets */; };
		7CA555192A83A6BF00139BF3 /* LaunchScreen.storyboard in Resources */ = {isa = PBXBuildFile; fileRef = 7CA555172A83A6BF00139BF3 /* LaunchScreen.storyboard */; };
		7CA555412A87C6ED00139BF3 /* FriendsViewController.swift in Sources */ = {isa = PBXBuildFile; fileRef = 7CA555402A87C6EC00139BF3 /* FriendsViewController.swift */; };
		7CA555432A87C9F500139BF3 /* FriendsCell.swift in Sources */ = {isa = PBXBuildFile; fileRef = 7CA555422A87C9F500139BF3 /* FriendsCell.swift */; };
		7CA555472A87CEE100139BF3 /* GroupsViewController.swift in Sources */ = {isa = PBXBuildFile; fileRef = 7CA555462A87CEE100139BF3 /* GroupsViewController.swift */; };
		7CA555492A87D0E300139BF3 /* GroupCell.swift in Sources */ = {isa = PBXBuildFile; fileRef = 7CA555482A87D0E300139BF3 /* GroupCell.swift */; };
		7CA5554B2A87D8F900139BF3 /* PhotosViewController.swift in Sources */ = {isa = PBXBuildFile; fileRef = 7CA5554A2A87D8F900139BF3 /* PhotosViewController.swift */; };
		7CA5554D2A87DB7C00139BF3 /* PhotoCell.swift in Sources */ = {isa = PBXBuildFile; fileRef = 7CA5554C2A87DB7C00139BF3 /* PhotoCell.swift */; };
		7CA5554F2A87E2F500139BF3 /* Constants.swift in Sources */ = {isa = PBXBuildFile; fileRef = 7CA5554E2A87E2F500139BF3 /* Constants.swift */; };
/* End PBXBuildFile section */

/* Begin PBXFileReference section */
		7C18B7CC2B372BE800E59A36 /* ProfileViewController.swift */ = {isa = PBXFileReference; lastKnownFileType = sourcecode.swift; path = ProfileViewController.swift; sourceTree = "<group>"; };
		7C18B7CE2B37368800E59A36 /* Theme.swift */ = {isa = PBXFileReference; lastKnownFileType = sourcecode.swift; path = Theme.swift; sourceTree = "<group>"; };
		7C18B7D02B3739FE00E59A36 /* ThemeView.swift */ = {isa = PBXFileReference; lastKnownFileType = sourcecode.swift; path = ThemeView.swift; sourceTree = "<group>"; };
		7C18B7D22B3796B500E59A36 /* FileCashe.swift */ = {isa = PBXFileReference; lastKnownFileType = sourcecode.swift; path = FileCashe.swift; sourceTree = "<group>"; };
		7C18B7D42B37BAAF00E59A36 /* DateHelper.swift */ = {isa = PBXFileReference; lastKnownFileType = sourcecode.swift; path = DateHelper.swift; sourceTree = "<group>"; };
		7C18B7D72B37BB6E00E59A36 /* DataModel.xcdatamodel */ = {isa = PBXFileReference; lastKnownFileType = wrapper.xcdatamodel; path = DataModel.xcdatamodel; sourceTree = "<group>"; };
		7C18B7D92B37CAFF00E59A36 /* ThemeSaver.swift */ = {isa = PBXFileReference; lastKnownFileType = sourcecode.swift; path = ThemeSaver.swift; sourceTree = "<group>"; };
		7C18B7DB2B37CF0A00E59A36 /* UserModel.swift */ = {isa = PBXFileReference; lastKnownFileType = sourcecode.swift; path = UserModel.swift; sourceTree = "<group>"; };
		7C3504442A9222F500C50115 /* NetworkService.swift */ = {isa = PBXFileReference; lastKnownFileType = sourcecode.swift; path = NetworkService.swift; sourceTree = "<group>"; };
		7C3504462A92262400C50115 /* AppCode.swift */ = {isa = PBXFileReference; lastKnownFileType = sourcecode.swift; path = AppCode.swift; sourceTree = "<group>"; };
		7C3504482A926CBA00C50115 /* FriendsModel.swift */ = {isa = PBXFileReference; lastKnownFileType = sourcecode.swift; path = FriendsModel.swift; sourceTree = "<group>"; };
		7C35044A2A926E8B00C50115 /* GroupsModel.swift */ = {isa = PBXFileReference; lastKnownFileType = sourcecode.swift; path = GroupsModel.swift; sourceTree = "<group>"; };
		7C35044C2A92947000C50115 /* PhotosModel.swift */ = {isa = PBXFileReference; lastKnownFileType = sourcecode.swift; path = PhotosModel.swift; sourceTree = "<group>"; };
		7CA555092A83A6BD00139BF3 /* GB_HW_OL_S1_3.app */ = {isa = PBXFileReference; explicitFileType = wrapper.application; includeInIndex = 0; path = GB_HW_OL_S1_3.app; sourceTree = BUILT_PRODUCTS_DIR; };
		7CA5550C2A83A6BD00139BF3 /* AppDelegate.swift */ = {isa = PBXFileReference; lastKnownFileType = sourcecode.swift; path = AppDelegate.swift; sourceTree = "<group>"; };
		7CA5550E2A83A6BD00139BF3 /* SceneDelegate.swift */ = {isa = PBXFileReference; lastKnownFileType = sourcecode.swift; path = SceneDelegate.swift; sourceTree = "<group>"; };
		7CA555102A83A6BD00139BF3 /* ViewController.swift */ = {isa = PBXFileReference; lastKnownFileType = sourcecode.swift; path = ViewController.swift; sourceTree = "<group>"; };
		7CA555152A83A6BF00139BF3 /* Assets.xcassets */ = {isa = PBXFileReference; lastKnownFileType = folder.assetcatalog; path = Assets.xcassets; sourceTree = "<group>"; };
		7CA555182A83A6BF00139BF3 /* Base */ = {isa = PBXFileReference; lastKnownFileType = file.storyboard; name = Base; path = Base.lproj/LaunchScreen.storyboard; sourceTree = "<group>"; };
		7CA5551A2A83A6BF00139BF3 /* Info.plist */ = {isa = PBXFileReference; lastKnownFileType = text.plist.xml; path = Info.plist; sourceTree = "<group>"; };
		7CA555402A87C6EC00139BF3 /* FriendsViewController.swift */ = {isa = PBXFileReference; lastKnownFileType = sourcecode.swift; path = FriendsViewController.swift; sourceTree = "<group>"; };
		7CA555422A87C9F500139BF3 /* FriendsCell.swift */ = {isa = PBXFileReference; lastKnownFileType = sourcecode.swift; path = FriendsCell.swift; sourceTree = "<group>"; };
		7CA555462A87CEE100139BF3 /* GroupsViewController.swift */ = {isa = PBXFileReference; lastKnownFileType = sourcecode.swift; path = GroupsViewController.swift; sourceTree = "<group>"; };
		7CA555482A87D0E300139BF3 /* GroupCell.swift */ = {isa = PBXFileReference; lastKnownFileType = sourcecode.swift; path = GroupCell.swift; sourceTree = "<group>"; };
		7CA5554A2A87D8F900139BF3 /* PhotosViewController.swift */ = {isa = PBXFileReference; lastKnownFileType = sourcecode.swift; path = PhotosViewController.swift; sourceTree = "<group>"; };
		7CA5554C2A87DB7C00139BF3 /* PhotoCell.swift */ = {isa = PBXFileReference; lastKnownFileType = sourcecode.swift; path = PhotoCell.swift; sourceTree = "<group>"; };
		7CA5554E2A87E2F500139BF3 /* Constants.swift */ = {isa = PBXFileReference; lastKnownFileType = sourcecode.swift; path = Constants.swift; sourceTree = "<group>"; };
/* End PBXFileReference section */

/* Begin PBXFrameworksBuildPhase section */
		7CA555062A83A6BD00139BF3 /* Frameworks */ = {
			isa = PBXFrameworksBuildPhase;
			buildActionMask = 2147483647;
			files = (
			);
			runOnlyForDeploymentPostprocessing = 0;
		};
/* End PBXFrameworksBuildPhase section */

/* Begin PBXGroup section */
		7C18B7E12B39D80800E59A36 /* Models */ = {
			isa = PBXGroup;
			children = (
				7C3504482A926CBA00C50115 /* FriendsModel.swift */,
				7C35044A2A926E8B00C50115 /* GroupsModel.swift */,
				7C35044C2A92947000C50115 /* PhotosModel.swift */,
				7C18B7DB2B37CF0A00E59A36 /* UserModel.swift */,
				7C18B7D62B37BB6E00E59A36 /* DataModel.xcdatamodeld */,
			);
			path = Models;
			sourceTree = "<group>";
		};
		7C18B7E22B39D88D00E59A36 /* Views */ = {
			isa = PBXGroup;
			children = (
				7CA555422A87C9F500139BF3 /* FriendsCell.swift */,
				7CA555482A87D0E300139BF3 /* GroupCell.swift */,
				7CA5554C2A87DB7C00139BF3 /* PhotoCell.swift */,
				7CA555402A87C6EC00139BF3 /* FriendsViewController.swift */,
				7CA555462A87CEE100139BF3 /* GroupsViewController.swift */,
				7CA5554A2A87D8F900139BF3 /* PhotosViewController.swift */,
				7CA555102A83A6BD00139BF3 /* ViewController.swift */,
				7C18B7CC2B372BE800E59A36 /* ProfileViewController.swift */,
				7C18B7D02B3739FE00E59A36 /* ThemeView.swift */,
			);
			path = Views;
			sourceTree = "<group>";
		};
		7C18B7E32B39D91D00E59A36 /* Utils */ = {
			isa = PBXGroup;
			children = (
				7C18B7D22B3796B500E59A36 /* FileCashe.swift */,
				7C3504442A9222F500C50115 /* NetworkService.swift */,
			);
			path = Utils;
			sourceTree = "<group>";
		};
		7C18B7E42B39D9AA00E59A36 /* Common */ = {
			isa = PBXGroup;
			children = (
				7CA5554E2A87E2F500139BF3 /* Constants.swift */,
			);
			path = Common;
			sourceTree = "<group>";
		};
		7C18B7E52B39DA1300E59A36 /* Helpers */ = {
			isa = PBXGroup;
			children = (
				7C18B7D42B37BAAF00E59A36 /* DateHelper.swift */,
			);
			path = Helpers;
			sourceTree = "<group>";
		};
		7C18B7E62B39DA6C00E59A36 /* Themes */ = {
			isa = PBXGroup;
			children = (
				7C18B7D92B37CAFF00E59A36 /* ThemeSaver.swift */,
				7C18B7CE2B37368800E59A36 /* Theme.swift */,
			);
			path = Themes;
			sourceTree = "<group>";
		};
		7CA555002A83A6BD00139BF3 = {
			isa = PBXGroup;
			children = (
				7CA5550B2A83A6BD00139BF3 /* GB_HW_OL_S1_3 */,
				7CA5550A2A83A6BD00139BF3 /* Products */,
			);
			sourceTree = "<group>";
		};
		7CA5550A2A83A6BD00139BF3 /* Products */ = {
			isa = PBXGroup;
			children = (
				7CA555092A83A6BD00139BF3 /* GB_HW_OL_S1_3.app */,
			);
			name = Products;
			sourceTree = "<group>";
		};
		7CA5550B2A83A6BD00139BF3 /* GB_HW_OL_S1_3 */ = {
			isa = PBXGroup;
			children = (
				7C18B7E42B39D9AA00E59A36 /* Common */,
				7C18B7E52B39DA1300E59A36 /* Helpers */,
				7C18B7E62B39DA6C00E59A36 /* Themes */,
				7C18B7E22B39D88D00E59A36 /* Views */,
				7C18B7E12B39D80800E59A36 /* Models */,
				7C18B7E32B39D91D00E59A36 /* Utils */,
				7C3504462A92262400C50115 /* AppCode.swift */,
				7CA5550E2A83A6BD00139BF3 /* SceneDelegate.swift */,
				7CA5550C2A83A6BD00139BF3 /* AppDelegate.swift */,
				7CA555152A83A6BF00139BF3 /* Assets.xcassets */,
				7CA555172A83A6BF00139BF3 /* LaunchScreen.storyboard */,
				7CA5551A2A83A6BF00139BF3 /* Info.plist */,
			);
			path = GB_HW_OL_S1_3;
			sourceTree = "<group>";
		};
/* End PBXGroup section */

/* Begin PBXNativeTarget section */
		7CA555082A83A6BD00139BF3 /* GB_HW_OL_S1_3 */ = {
			isa = PBXNativeTarget;
			buildConfigurationList = 7CA5551D2A83A6BF00139BF3 /* Build configuration list for PBXNativeTarget "GB_HW_OL_S1_3" */;
			buildPhases = (
				7CA555052A83A6BD00139BF3 /* Sources */,
				7CA555062A83A6BD00139BF3 /* Frameworks */,
				7CA555072A83A6BD00139BF3 /* Resources */,
			);
			buildRules = (
			);
			dependencies = (
			);
			name = GB_HW_OL_S1_3;
			productName = GB_HW_OL_S1_1;
			productReference = 7CA555092A83A6BD00139BF3 /* GB_HW_OL_S1_3.app */;
			productType = "com.apple.product-type.application";
		};
/* End PBXNativeTarget section */

/* Begin PBXProject section */
		7CA555012A83A6BD00139BF3 /* Project object */ = {
			isa = PBXProject;
			attributes = {
				BuildIndependentTargetsInParallel = 1;
				LastSwiftUpdateCheck = 1430;
				LastUpgradeCheck = 1430;
				TargetAttributes = {
					7CA555082A83A6BD00139BF3 = {
						CreatedOnToolsVersion = 14.3.1;
					};
				};
			};
			buildConfigurationList = 7CA555042A83A6BD00139BF3 /* Build configuration list for PBXProject "GB_HW_OL_S1_3" */;
			compatibilityVersion = "Xcode 14.0";
			developmentRegion = en;
			hasScannedForEncodings = 0;
			knownRegions = (
				en,
				Base,
			);
			mainGroup = 7CA555002A83A6BD00139BF3;
			productRefGroup = 7CA5550A2A83A6BD00139BF3 /* Products */;
			projectDirPath = "";
			projectRoot = "";
			targets = (
				7CA555082A83A6BD00139BF3 /* GB_HW_OL_S1_3 */,
			);
		};
/* End PBXProject section */

/* Begin PBXResourcesBuildPhase section */
		7CA555072A83A6BD00139BF3 /* Resources */ = {
			isa = PBXResourcesBuildPhase;
			buildActionMask = 2147483647;
			files = (
				7CA555192A83A6BF00139BF3 /* LaunchScreen.storyboard in Resources */,
				7CA555162A83A6BF00139BF3 /* Assets.xcassets in Resources */,
			);
			runOnlyForDeploymentPostprocessing = 0;
		};
/* End PBXResourcesBuildPhase section */

/* Begin PBXSourcesBuildPhase section */
		7CA555052A83A6BD00139BF3 /* Sources */ = {
			isa = PBXSourcesBuildPhase;
			buildActionMask = 2147483647;
			files = (
				7C3504452A9222F500C50115 /* NetworkService.swift in Sources */,
				7CA555492A87D0E300139BF3 /* GroupCell.swift in Sources */,
				7CA5554D2A87DB7C00139BF3 /* PhotoCell.swift in Sources */,
				7C18B7D82B37BB6E00E59A36 /* DataModel.xcdatamodeld in Sources */,
				7CA5554B2A87D8F900139BF3 /* PhotosViewController.swift in Sources */,
				7CA555412A87C6ED00139BF3 /* FriendsViewController.swift in Sources */,
				7C18B7D52B37BAAF00E59A36 /* DateHelper.swift in Sources */,
				7CA555432A87C9F500139BF3 /* FriendsCell.swift in Sources */,
				7C18B7DC2B37CF0A00E59A36 /* UserModel.swift in Sources */,
				7C18B7CD2B372BE800E59A36 /* ProfileViewController.swift in Sources */,
				7CA5554F2A87E2F500139BF3 /* Constants.swift in Sources */,
				7CA555472A87CEE100139BF3 /* GroupsViewController.swift in Sources */,
				7C18B7D32B3796B500E59A36 /* FileCashe.swift in Sources */,
				7C3504472A92262400C50115 /* AppCode.swift in Sources */,
				7C3504492A926CBA00C50115 /* FriendsModel.swift in Sources */,
				7CA555112A83A6BD00139BF3 /* ViewController.swift in Sources */,
				7C35044D2A92947000C50115 /* PhotosModel.swift in Sources */,
				7C35044B2A926E8B00C50115 /* GroupsModel.swift in Sources */,
				7CA5550D2A83A6BD00139BF3 /* AppDelegate.swift in Sources */,
				7CA5550F2A83A6BD00139BF3 /* SceneDelegate.swift in Sources */,
				7C18B7D12B3739FE00E59A36 /* ThemeView.swift in Sources */,
				7C18B7CF2B37368800E59A36 /* Theme.swift in Sources */,
				7C18B7DA2B37CAFF00E59A36 /* ThemeSaver.swift in Sources */,
			);
			runOnlyForDeploymentPostprocessing = 0;
		};
/* End PBXSourcesBuildPhase section */

/* Begin PBXVariantGroup section */
		7CA555172A83A6BF00139BF3 /* LaunchScreen.storyboard */ = {
			isa = PBXVariantGroup;
			children = (
				7CA555182A83A6BF00139BF3 /* Base */,
			);
			name = LaunchScreen.storyboard;
			sourceTree = "<group>";
		};
/* End PBXVariantGroup section */

/* Begin XCBuildConfiguration section */
		7CA5551B2A83A6BF00139BF3 /* Debug */ = {
			isa = XCBuildConfiguration;
			buildSettings = {
				ALWAYS_SEARCH_USER_PATHS = NO;
				CLANG_ANALYZER_NONNULL = YES;
				CLANG_ANALYZER_NUMBER_OBJECT_CONVERSION = YES_AGGRESSIVE;
				CLANG_CXX_LANGUAGE_STANDARD = "gnu++20";
				CLANG_ENABLE_MODULES = YES;
				CLANG_ENABLE_OBJC_ARC = YES;
				CLANG_ENABLE_OBJC_WEAK = YES;
				CLANG_WARN_BLOCK_CAPTURE_AUTORELEASING = YES;
				CLANG_WARN_BOOL_CONVERSION = YES;
				CLANG_WARN_COMMA = YES;
				CLANG_WARN_CONSTANT_CONVERSION = YES;
				CLANG_WARN_DEPRECATED_OBJC_IMPLEMENTATIONS = YES;
				CLANG_WARN_DIRECT_OBJC_ISA_USAGE = YES_ERROR;
				CLANG_WARN_DOCUMENTATION_COMMENTS = YES;
				CLANG_WARN_EMPTY_BODY = YES;
				CLANG_WARN_ENUM_CONVERSION = YES;
				CLANG_WARN_INFINITE_RECURSION = YES;
				CLANG_WARN_INT_CONVERSION = YES;
				CLANG_WARN_NON_LITERAL_NULL_CONVERSION = YES;
				CLANG_WARN_OBJC_IMPLICIT_RETAIN_SELF = YES;
				CLANG_WARN_OBJC_LITERAL_CONVERSION = YES;
				CLANG_WARN_OBJC_ROOT_CLASS = YES_ERROR;
				CLANG_WARN_QUOTED_INCLUDE_IN_FRAMEWORK_HEADER = YES;
				CLANG_WARN_RANGE_LOOP_ANALYSIS = YES;
				CLANG_WARN_STRICT_PROTOTYPES = YES;
				CLANG_WARN_SUSPICIOUS_MOVE = YES;
				CLANG_WARN_UNGUARDED_AVAILABILITY = YES_AGGRESSIVE;
				CLANG_WARN_UNREACHABLE_CODE = YES;
				CLANG_WARN__DUPLICATE_METHOD_MATCH = YES;
				COPY_PHASE_STRIP = NO;
				DEBUG_INFORMATION_FORMAT = dwarf;
				ENABLE_STRICT_OBJC_MSGSEND = YES;
				ENABLE_TESTABILITY = YES;
				GCC_C_LANGUAGE_STANDARD = gnu11;
				GCC_DYNAMIC_NO_PIC = NO;
				GCC_NO_COMMON_BLOCKS = YES;
				GCC_OPTIMIZATION_LEVEL = 0;
				GCC_PREPROCESSOR_DEFINITIONS = (
					"DEBUG=1",
					"$(inherited)",
				);
				GCC_WARN_64_TO_32_BIT_CONVERSION = YES;
				GCC_WARN_ABOUT_RETURN_TYPE = YES_ERROR;
				GCC_WARN_UNDECLARED_SELECTOR = YES;
				GCC_WARN_UNINITIALIZED_AUTOS = YES_AGGRESSIVE;
				GCC_WARN_UNUSED_FUNCTION = YES;
				GCC_WARN_UNUSED_VARIABLE = YES;
				IPHONEOS_DEPLOYMENT_TARGET = 16.4;
				MTL_ENABLE_DEBUG_INFO = INCLUDE_SOURCE;
				MTL_FAST_MATH = YES;
				ONLY_ACTIVE_ARCH = YES;
				SDKROOT = iphoneos;
				SWIFT_ACTIVE_COMPILATION_CONDITIONS = DEBUG;
				SWIFT_OPTIMIZATION_LEVEL = "-Onone";
			};
			name = Debug;
		};
		7CA5551C2A83A6BF00139BF3 /* Release */ = {
			isa = XCBuildConfiguration;
			buildSettings = {
				ALWAYS_SEARCH_USER_PATHS = NO;
				CLANG_ANALYZER_NONNULL = YES;
				CLANG_ANALYZER_NUMBER_OBJECT_CONVERSION = YES_AGGRESSIVE;
				CLANG_CXX_LANGUAGE_STANDARD = "gnu++20";
				CLANG_ENABLE_MODULES = YES;
				CLANG_ENABLE_OBJC_ARC = YES;
				CLANG_ENABLE_OBJC_WEAK = YES;
				CLANG_WARN_BLOCK_CAPTURE_AUTORELEASING = YES;
				CLANG_WARN_BOOL_CONVERSION = YES;
				CLANG_WARN_COMMA = YES;
				CLANG_WARN_CONSTANT_CONVERSION = YES;
				CLANG_WARN_DEPRECATED_OBJC_IMPLEMENTATIONS = YES;
				CLANG_WARN_DIRECT_OBJC_ISA_USAGE = YES_ERROR;
				CLANG_WARN_DOCUMENTATION_COMMENTS = YES;
				CLANG_WARN_EMPTY_BODY = YES;
				CLANG_WARN_ENUM_CONVERSION = YES;
				CLANG_WARN_INFINITE_RECURSION = YES;
				CLANG_WARN_INT_CONVERSION = YES;
				CLANG_WARN_NON_LITERAL_NULL_CONVERSION = YES;
				CLANG_WARN_OBJC_IMPLICIT_RETAIN_SELF = YES;
				CLANG_WARN_OBJC_LITERAL_CONVERSION = YES;
				CLANG_WARN_OBJC_ROOT_CLASS = YES_ERROR;
				CLANG_WARN_QUOTED_INCLUDE_IN_FRAMEWORK_HEADER = YES;
				CLANG_WARN_RANGE_LOOP_ANALYSIS = YES;
				CLANG_WARN_STRICT_PROTOTYPES = YES;
				CLANG_WARN_SUSPICIOUS_MOVE = YES;
				CLANG_WARN_UNGUARDED_AVAILABILITY = YES_AGGRESSIVE;
				CLANG_WARN_UNREACHABLE_CODE = YES;
				CLANG_WARN__DUPLICATE_METHOD_MATCH = YES;
				COPY_PHASE_STRIP = NO;
				DEBUG_INFORMATION_FORMAT = "dwarf-with-dsym";
				ENABLE_NS_ASSERTIONS = NO;
				ENABLE_STRICT_OBJC_MSGSEND = YES;
				GCC_C_LANGUAGE_STANDARD = gnu11;
				GCC_NO_COMMON_BLOCKS = YES;
				GCC_WARN_64_TO_32_BIT_CONVERSION = YES;
				GCC_WARN_ABOUT_RETURN_TYPE = YES_ERROR;
				GCC_WARN_UNDECLARED_SELECTOR = YES;
				GCC_WARN_UNINITIALIZED_AUTOS = YES_AGGRESSIVE;
				GCC_WARN_UNUSED_FUNCTION = YES;
				GCC_WARN_UNUSED_VARIABLE = YES;
				IPHONEOS_DEPLOYMENT_TARGET = 16.4;
				MTL_ENABLE_DEBUG_INFO = NO;
				MTL_FAST_MATH = YES;
				SDKROOT = iphoneos;
				SWIFT_COMPILATION_MODE = wholemodule;
				SWIFT_OPTIMIZATION_LEVEL = "-O";
				VALIDATE_PRODUCT = YES;
			};
			name = Release;
		};
		7CA5551E2A83A6BF00139BF3 /* Debug */ = {
			isa = XCBuildConfiguration;
			buildSettings = {
				ASSETCATALOG_COMPILER_APPICON_NAME = AppIcon;
				ASSETCATALOG_COMPILER_GLOBAL_ACCENT_COLOR_NAME = AccentColor;
				CODE_SIGN_STYLE = Automatic;
				CURRENT_PROJECT_VERSION = 1;
				GENERATE_INFOPLIST_FILE = YES;
				INFOPLIST_FILE = GB_HW_OL_S1_3/Info.plist;
				INFOPLIST_KEY_UIApplicationSupportsIndirectInputEvents = YES;
				INFOPLIST_KEY_UILaunchStoryboardName = LaunchScreen;
				INFOPLIST_KEY_UISupportedInterfaceOrientations_iPad = "UIInterfaceOrientationPortrait UIInterfaceOrientationPortraitUpsideDown UIInterfaceOrientationLandscapeLeft UIInterfaceOrientationLandscapeRight";
				INFOPLIST_KEY_UISupportedInterfaceOrientations_iPhone = "UIInterfaceOrientationPortrait UIInterfaceOrientationLandscapeLeft UIInterfaceOrientationLandscapeRight";
				LD_RUNPATH_SEARCH_PATHS = (
					"$(inherited)",
					"@executable_path/Frameworks",
				);
				MARKETING_VERSION = 1.1;
				PRODUCT_BUNDLE_IDENTIFIER = "TS.GB-HW-OL-S1-3";
				PRODUCT_NAME = "$(TARGET_NAME)";
				SUPPORTED_PLATFORMS = "iphoneos iphonesimulator";
				SUPPORTS_MACCATALYST = NO;
				SUPPORTS_MAC_DESIGNED_FOR_IPHONE_IPAD = YES;
				SWIFT_EMIT_LOC_STRINGS = YES;
				SWIFT_VERSION = 5.0;
				TARGETED_DEVICE_FAMILY = 1;
			};
			name = Debug;
		};
		7CA5551F2A83A6BF00139BF3 /* Release */ = {
			isa = XCBuildConfiguration;
			buildSettings = {
				ASSETCATALOG_COMPILER_APPICON_NAME = AppIcon;
				ASSETCATALOG_COMPILER_GLOBAL_ACCENT_COLOR_NAME = AccentColor;
				CODE_SIGN_STYLE = Automatic;
				CURRENT_PROJECT_VERSION = 1;
				GENERATE_INFOPLIST_FILE = YES;
				INFOPLIST_FILE = GB_HW_OL_S1_3/Info.plist;
				INFOPLIST_KEY_UIApplicationSupportsIndirectInputEvents = YES;
				INFOPLIST_KEY_UILaunchStoryboardName = LaunchScreen;
				INFOPLIST_KEY_UISupportedInterfaceOrientations_iPad = "UIInterfaceOrientationPortrait UIInterfaceOrientationPortraitUpsideDown UIInterfaceOrientationLandscapeLeft UIInterfaceOrientationLandscapeRight";
				INFOPLIST_KEY_UISupportedInterfaceOrientations_iPhone = "UIInterfaceOrientationPortrait UIInterfaceOrientationLandscapeLeft UIInterfaceOrientationLandscapeRight";
				LD_RUNPATH_SEARCH_PATHS = (
					"$(inherited)",
					"@executable_path/Frameworks",
				);
				MARKETING_VERSION = 1.1;
				PRODUCT_BUNDLE_IDENTIFIER = "TS.GB-HW-OL-S1-3";
				PRODUCT_NAME = "$(TARGET_NAME)";
				SUPPORTED_PLATFORMS = "iphoneos iphonesimulator";
				SUPPORTS_MACCATALYST = NO;
				SUPPORTS_MAC_DESIGNED_FOR_IPHONE_IPAD = YES;
				SWIFT_EMIT_LOC_STRINGS = YES;
				SWIFT_VERSION = 5.0;
				TARGETED_DEVICE_FAMILY = 1;
			};
			name = Release;
		};
/* End XCBuildConfiguration section */

/* Begin XCConfigurationList section */
		7CA555042A83A6BD00139BF3 /* Build configuration list for PBXProject "GB_HW_OL_S1_3" */ = {
			isa = XCConfigurationList;
			buildConfigurations = (
				7CA5551B2A83A6BF00139BF3 /* Debug */,
				7CA5551C2A83A6BF00139BF3 /* Release */,
			);
			defaultConfigurationIsVisible = 0;
			defaultConfigurationName = Release;
		};
		7CA5551D2A83A6BF00139BF3 /* Build configuration list for PBXNativeTarget "GB_HW_OL_S1_3" */ = {
			isa = XCConfigurationList;
			buildConfigurations = (
				7CA5551E2A83A6BF00139BF3 /* Debug */,
				7CA5551F2A83A6BF00139BF3 /* Release */,
			);
			defaultConfigurationIsVisible = 0;
			defaultConfigurationName = Release;
		};
/* End XCConfigurationList section */

/* Begin XCVersionGroup section */
		7C18B7D62B37BB6E00E59A36 /* DataModel.xcdatamodeld */ = {
			isa = XCVersionGroup;
			children = (
				7C18B7D72B37BB6E00E59A36 /* DataModel.xcdatamodel */,
			);
			currentVersion = 7C18B7D72B37BB6E00E59A36 /* DataModel.xcdatamodel */;
			path = DataModel.xcdatamodeld;
			sourceTree = "<group>";
			versionGroupType = wrapper.xcdatamodel;
		};
/* End XCVersionGroup section */
	};
	rootObject = 7CA555012A83A6BD00139BF3 /* Project object */;
}
